# THIS IS AN AUTOGENERATED FILE. DO NOT EDIT THIS FILE DIRECTLY.
# yarn lockfile v1


ansi-align@^3.0.1:
  version "3.0.1"
  resolved "https://registry.yarnpkg.com/ansi-align/-/ansi-align-3.0.1.tgz#0cdf12e111ace773a86e9a1fad1225c43cb19a59"
  integrity sha512-IOfwwBF5iczOjp/WeY4YxyjqAFMQoZufdQWDd19SEExbVLNXqvpzSJ/M7Za4/sCPmQ0+GRquoA7bGcINcxew6w==
  dependencies:
    string-width "^4.1.0"

ansi-escapes@^7.0.0:
  version "7.3.0"
  resolved "https://registry.yarnpkg.com/ansi-escapes/-/ansi-escapes-7.3.0.tgz#5395bb74b2150a4a1d6e3c2565f4aeca78d28627"
  integrity sha512-BvU8nYgGQBxcmMuEeUEmNTvrMVjJNSH7RgW24vXexN4Ven6qCvy4TntnvlnwnMLTVlcRQQdbRY8NKnaIoeWDNg==
  dependencies:
    environment "^1.0.0"

ansi-regex@^5.0.1:
  version "5.0.1"
  resolved "https://registry.yarnpkg.com/ansi-regex/-/ansi-regex-5.0.1.tgz#082cb2c89c9fe8659a311a53bd6a4dc5301db304"
  integrity sha512-quJQXlTSUGL2LH9SUXo8VwsY4soanhgo6LNSm84E1LBcE8s3O0wpdiRzyR9z/ZZJMlMWv37qOOb9pdJlMUEKFQ==

ansi-regex@^6.2.2:
  version "6.2.2"
  resolved "https://registry.yarnpkg.com/ansi-regex/-/ansi-regex-6.2.2.tgz#60216eea464d864597ce2832000738a0589650c1"
  integrity sha512-Bq3SmSpyFHaWjPk8If9yc6svM8c56dB5BAtW4Qbw5jHTwwXXcTLoRMkpDJp6VL0XzlWaCHTXrkFURMYmD0sLqg==

ansi-styles@^6.2.1:
  version "6.2.3"
  resolved "https://registry.yarnpkg.com/ansi-styles/-/ansi-styles-6.2.3.tgz#c044d5dcc521a076413472597a1acb1f103c4041"
  integrity sha512-4Dj6M28JB+oAH8kFkTLUo+a2jwOFkuqb3yucU0CANcRRUbxS0cP0nZYCGjcc3BNXwRIsUVmDGgzawme7zvJHvg==

boxen@^8.0.1:
  version "8.0.1"
  resolved "https://registry.yarnpkg.com/boxen/-/boxen-8.0.1.tgz#7e9fcbb45e11a2d7e6daa8fdcebfc3242fc19fe3"
  integrity sha512-F3PH5k5juxom4xktynS7MoFY+NUWH5LC4CnH11YB8NPew+HLpmBLCybSAEyb2F+4pRXhuhWqFesoQd6DAyc2hw==
  dependencies:
    ansi-align "^3.0.1"
    camelcase "^8.0.0"
    chalk "^5.3.0"
    cli-boxes "^3.0.0"
    string-width "^7.2.0"
    type-fest "^4.21.0"
    widest-line "^5.0.0"
    wrap-ansi "^9.0.0"

camelcase@^8.0.0:
  version "8.0.0"
  resolved "https://registry.yarnpkg.com/camelcase/-/camelcase-8.0.0.tgz#c0d36d418753fb6ad9c5e0437579745c1c14a534"
  integrity sha512-8WB3Jcas3swSvjIeA2yvCJ+Miyz5l1ZmB6HFb9R1317dt9LCQoswg/BGrmAmkWVEszSrrg4RwmO46qIm2OEnSA==

chalk@^5.3.0, chalk@^5.6.2:
  version "5.6.2"
  resolved "https://registry.yarnpkg.com/chalk/-/chalk-5.6.2.tgz#b1238b6e23ea337af71c7f8a295db5af0c158aea"
  integrity sha512-7NzBL0rN6fMUW+f7A6Io4h40qQlG+xGmtMxfbnH/K7TAtt8JQWVQK+6g0UXKMeVJoyV5EkkNsErQ8pVD3bLHbA==

cli-boxes@^3.0.0:
  version "3.0.0"
  resolved "https://registry.yarnpkg.com/cli-boxes/-/cli-boxes-3.0.0.tgz#71a10c716feeba005e4504f36329ef0b17cf3145"
  integrity sha512-/lzGpEWL/8PfI0BmBOPRwp0c/wFNX1RdUML3jK/RcSBA9T8mZDdQpqYBKtCFTOfQbwPqWEOpjqW+Fnayc0969g==

cli-cursor@^5.0.0:
  version "5.0.0"
  resolved "https://registry.yarnpkg.com/cli-cursor/-/cli-cursor-5.0.0.tgz#24a4831ecf5a6b01ddeb32fb71a4b2088b0dce38"
  integrity sha512-aCj4O5wKyszjMmDT4tZj93kxyydN/K5zPWSCe6/0AV/AA1pqe5ZBIw0a2ZfPQV7lL5/yb5HsUreJ6UFAF1tEQw==
  dependencies:
    restore-cursor "^5.0.0"

cli-spinners@^3.2.0, cli-spinners@^3.4.0:
  version "3.4.0"
  resolved "https://registry.yarnpkg.com/cli-spinners/-/cli-spinners-3.4.0.tgz#1f11f6d48c4e5bc6849fcb4efa0dc98f9e7299ea"
  integrity sha512-bXfOC4QcT1tKXGorxL3wbJm6XJPDqEnij2gQ2m7ESQuE+/z9YFIWnl/5RpTiKWbMq3EVKR4fRLJGn6DVfu0mpw==

cross-spawn@^7.0.3:
  version "7.0.6"
  resolved "https://registry.yarnpkg.com/cross-spawn/-/cross-spawn-7.0.6.tgz#8a58fe78f00dcd70c370451759dfbfaf03e8ee9f"
  integrity sha512-uV2QOWP2nWzsy2aMp8aRibhi9dlzF5Hgh5SHaB9OiTGEyDTiJJyx0uy51QXdyWbtAHNua4XJzUKca3OzKUd3vA==
  dependencies:
    path-key "^3.1.0"
    shebang-command "^2.0.0"
    which "^2.0.1"

dotenv@^16.4.5:
  version "16.6.1"
  resolved "https://registry.yarnpkg.com/dotenv/-/dotenv-16.6.1.tgz#773f0e69527a8315c7285d5ee73c4459d20a8020"
  integrity sha512-uBq4egWHTcTt33a72vpSG0z3HnPuIl6NqYcTrKEg2azoEyl2hpW0zqlxysq2pK9HlDIHyHyakeYaYnSAwd8bow==

emoji-regex@^10.3.0:
  version "10.6.0"
  resolved "https://registry.yarnpkg.com/emoji-regex/-/emoji-regex-10.6.0.tgz#bf3d6e8f7f8fd22a65d9703475bc0147357a6b0d"
  integrity sha512-toUI84YS5YmxW219erniWD0CIVOo46xGKColeNQRgOzDorgBi1v4D71/OFzgD9GO2UGKIv1C3Sp8DAn0+j5w7A==

emoji-regex@^8.0.0:
  version "8.0.0"
  resolved "https://registry.yarnpkg.com/emoji-regex/-/emoji-regex-8.0.0.tgz#e818fd69ce5ccfcb404594f842963bf53164cc37"
  integrity sha512-MSjYzcWNOA0ewAHpz0MxpYFvwg6yjy1NG3xteoqz644VCo/RPgnr1/GGt+ic3iJTzQ8Eu3TdM14SawnVUmGE6A==

environment@^1.0.0:
  version "1.1.0"
  resolved "https://registry.yarnpkg.com/environment/-/environment-1.1.0.tgz#8e86c66b180f363c7ab311787e0259665f45a9f1"
  integrity sha512-xUtoPkMggbz0MPyPiIWr1Kp4aeWJjDZ6SMvURhimjdZgsRuDplF5/s9hcgGhyXMhs+6vpnuoiZ2kFiu3FMnS8Q==

execa@^8.0.1:
  version "8.0.1"
  resolved "https://registry.yarnpkg.com/execa/-/execa-8.0.1.tgz#51f6a5943b580f963c3ca9c6321796db8cc39b8c"
  integrity sha512-VyhnebXciFV2DESc+p6B+y0LjSm0krU4OgJN44qFAhBY0TJ+1V61tYD2+wHusZ6F9n5K+vl8k0sTy7PEfV4qpg==
  dependencies:
    cross-spawn "^7.0.3"
    get-stream "^8.0.1"
    human-signals "^5.0.0"
    is-stream "^3.0.0"
    merge-stream "^2.0.0"
    npm-run-path "^5.1.0"
    onetime "^6.0.0"
    signal-exit "^4.1.0"
    strip-final-newline "^3.0.0"

fs-extra@^11.2.0:
  version "11.3.4"
  resolved "https://registry.yarnpkg.com/fs-extra/-/fs-extra-11.3.4.tgz#ab6934eca8bcf6f7f6b82742e33591f86301d6fc"
  integrity sha512-CTXd6rk/M3/ULNQj8FBqBWHYBVYybQ3VPBw0xGKFe3tuH7ytT6ACnvzpIQ3UZtB8yvUKC2cXn1a+x+5EVQLovA==
  dependencies:
    graceful-fs "^4.2.0"
    jsonfile "^6.0.1"
    universalify "^2.0.0"

get-east-asian-width@^1.0.0, get-east-asian-width@^1.5.0:
  version "1.5.0"
  resolved "https://registry.yarnpkg.com/get-east-asian-width/-/get-east-asian-width-1.5.0.tgz#ce7008fe345edcf5497a6f557cfa54bc318a9ce7"
  integrity sha512-CQ+bEO+Tva/qlmw24dCejulK5pMzVnUOFOijVogd3KQs07HnRIgp8TGipvCCRT06xeYEbpbgwaCxglFyiuIcmA==

get-stream@^8.0.1:
  version "8.0.1"
  resolved "https://registry.yarnpkg.com/get-stream/-/get-stream-8.0.1.tgz#def9dfd71742cd7754a7761ed43749a27d02eca2"
  integrity sha512-VaUJspBffn/LMCJVoMvSAdmscJyS1auj5Zulnn5UoYcY531UWmdwhRWkcGKnGU93m5HSXP9LP2usOryrBtQowA==

graceful-fs@^4.1.6, graceful-fs@^4.2.0:
  version "4.2.11"
  resolved "https://registry.yarnpkg.com/graceful-fs/-/graceful-fs-4.2.11.tgz#4183e4e8bf08bb6e05bbb2f7d2e0c8f712ca40e3"
  integrity sha512-RbJ5/jmFcNNCcDV5o9eTnBLJ/HszWV0P73bc+Ff4nS/rJj+YaS6IGyiOL0VoBYX+l1Wrl3k63h/KrH+nhJ0XvQ==

growly@^1.3.0:
  version "1.3.0"
  resolved "https://registry.yarnpkg.com/growly/-/growly-1.3.0.tgz#f10748cbe76af964b7c96c93c6bcc28af120c081"
  integrity sha512-+xGQY0YyAWCnqy7Cd++hc2JqMYzlm0dG30Jd0beaA64sROr8C4nt8Yc9V5Ro3avlSUDTN0ulqP/VBKi1/lLygw==

has-flag@^5.0.1:
  version "5.0.1"
  resolved "https://registry.yarnpkg.com/has-flag/-/has-flag-5.0.1.tgz#5483db2ae02a472d1d0691462fc587d1843cd940"
  integrity sha512-CsNUt5x9LUdx6hnk/E2SZLsDyvfqANZSUq4+D3D8RzDJ2M+HDTIkF60ibS1vHaK55vzgiZw1bEPFG9yH7l33wA==

human-signals@^5.0.0:
  version "5.0.0"
  resolved "https://registry.yarnpkg.com/human-signals/-/human-signals-5.0.0.tgz#42665a284f9ae0dade3ba41ebc37eb4b852f3a28"
  integrity sha512-AXcZb6vzzrFAUE61HnN4mpLqd/cSIwNQjtNWR0euPm6y0iqx3G4gOXaIDdtdDwZmhwe82LA6+zinmW4UBWVePQ==

is-docker@^2.0.0:
  version "2.2.1"
  resolved "https://registry.yarnpkg.com/is-docker/-/is-docker-2.2.1.tgz#33eeabe23cfe86f14bde4408a02c0cfb853acdaa"
  integrity sha512-F+i2BKsFrH66iaUFc0woD8sLy8getkwTwtOBjvs56Cx4CgJDeKQeqfz8wAYiSb8JOprWhHH5p77PbmYCvvUuXQ==

is-fullwidth-code-point@^3.0.0:
  version "3.0.0"
  resolved "https://registry.yarnpkg.com/is-fullwidth-code-point/-/is-fullwidth-code-point-3.0.0.tgz#f116f8064fe90b3f7844a38997c0b75051269f1d"
  integrity sha512-zymm5+u+sCsSWyD9qNaejV3DFvhCKclKdizYaJUuHA83RLjb7nSuGnddCHGv0hk+KY7BMAlsWeK4Ueg6EV6XQg==

is-interactive@^2.0.0:
  version "2.0.0"
  resolved "https://registry.yarnpkg.com/is-interactive/-/is-interactive-2.0.0.tgz#40c57614593826da1100ade6059778d597f16e90"
  integrity sha512-qP1vozQRI+BMOPcjFzrjXuQvdak2pHNUMZoeG2eRbiSqyvbEf/wQtEOTOX1guk6E3t36RkaqiSt8A/6YElNxLQ==

is-stream@^3.0.0:
  version "3.0.0"
  resolved "https://registry.yarnpkg.com/is-stream/-/is-stream-3.0.0.tgz#e6bfd7aa6bef69f4f472ce9bb681e3e57b4319ac"
  integrity sha512-LnQR4bZ9IADDRSkvpqMGvt/tEJWclzklNgSw48V5EAaAeDd6qGvN8ei6k5p0tvxSR171VmGyHuTiAOfxAbr8kA==

is-unicode-supported@^2.0.0, is-unicode-supported@^2.1.0:
  version "2.1.0"
  resolved "https://registry.yarnpkg.com/is-unicode-supported/-/is-unicode-supported-2.1.0.tgz#09f0ab0de6d3744d48d265ebb98f65d11f2a9b3a"
  integrity sha512-mE00Gnza5EEB3Ds0HfMyllZzbBrmLOX3vfWoj9A9PEnTfratQ/BcaJOuMhnkhjXvb2+FkY3VuHqtAGpTPmglFQ==

is-wsl@^2.2.0:
  version "2.2.0"
  resolved "https://registry.yarnpkg.com/is-wsl/-/is-wsl-2.2.0.tgz#74a4c76e77ca9fd3f932f290c17ea326cd157271"
  integrity sha512-fKzAra0rGJUUBwGBgNkHZuToZcn+TtXHpeCgmkMJMMYx1sQDYaCSyjJBSCa2nH1DGm7s3n1oBnohoVTBaN7Lww==
  dependencies:
    is-docker "^2.0.0"

isexe@^2.0.0:
  version "2.0.0"
  resolved "https://registry.yarnpkg.com/isexe/-/isexe-2.0.0.tgz#e8fbf374dc556ff8947a10dcb0572d633f2cfa10"
  integrity sha512-RHxMLp9lnKHGHRng9QFhRCMbYAcVpn69smSGcq3f36xjgVVWThj4qqLbTLlq7Ssj8B+fIQ1EuCEGI2lKsyQeIw==

jsonfile@^6.0.1:
  version "6.2.0"
  resolved "https://registry.yarnpkg.com/jsonfile/-/jsonfile-6.2.0.tgz#7c265bd1b65de6977478300087c99f1c84383f62"
  integrity sha512-FGuPw30AdOIUTRMC2OMRtQV+jkVj2cfPqSeWXv1NEAJ1qZ5zb1X6z1mFhbfOB/iy3ssJCD+3KuZ8r8C3uVFlAg==
  dependencies:
    universalify "^2.0.0"
  optionalDependencies:
    graceful-fs "^4.1.6"

log-symbols@^7.0.1:
  version "7.0.1"
  resolved "https://registry.yarnpkg.com/log-symbols/-/log-symbols-7.0.1.tgz#f52e68037d96f589fc572ff2193dc424d48c195b"
  integrity sha512-ja1E3yCr9i/0hmBVaM0bfwDjnGy8I/s6PP4DFp+yP+a+mrHO4Rm7DtmnqROTUkHIkqffC84YY7AeqX6oFk0WFg==
  dependencies:
    is-unicode-supported "^2.0.0"
    yoctocolors "^2.1.1"

merge-stream@^2.0.0:
  version "2.0.0"
  resolved "https://registry.yarnpkg.com/merge-stream/-/merge-stream-2.0.0.tgz#52823629a14dd00c9770fb6ad47dc6310f2c1f60"
  integrity sha512-abv/qOcuPfk3URPfDzmZU1LKmuw8kT+0nIHvKrKgFrwifol/doWcdA4ZqsWQ8ENrFKkd67Mfpo/LovbIUsbt3w==

mimic-fn@^4.0.0:
  version "4.0.0"
  resolved "https://registry.yarnpkg.com/mimic-fn/-/mimic-fn-4.0.0.tgz#60a90550d5cb0b239cca65d893b1a53b29871ecc"
  integrity sha512-vqiC06CuhBTUdZH+RYl8sFrL096vA45Ok5ISO6sE/Mr1jRbGH4Csnhi8f3wKVl7x8mO4Au7Ir9D3Oyv1VYMFJw==

mimic-function@^5.0.0:
  version "5.0.1"
  resolved "https://registry.yarnpkg.com/mimic-function/-/mimic-function-5.0.1.tgz#acbe2b3349f99b9deaca7fb70e48b83e94e67076"
  integrity sha512-VP79XUPxV2CigYP3jWwAUFSku2aKqBH7uTAapFWCBqutsbmDo96KY5o8uh6U+/YSIn5OxJnXp73beVkpqMIGhA==

node-notifier@^10.0.1:
  version "10.0.1"
  resolved "https://registry.yarnpkg.com/node-notifier/-/node-notifier-10.0.1.tgz#0e82014a15a8456c4cfcdb25858750399ae5f1c7"
  integrity sha512-YX7TSyDukOZ0g+gmzjB6abKu+hTGvO8+8+gIFDsRCU2t8fLV/P2unmt+LGFaIa4y64aX98Qksa97rgz4vMNeLQ==
  dependencies:
    growly "^1.3.0"
    is-wsl "^2.2.0"
    semver "^7.3.5"
    shellwords "^0.1.1"
    uuid "^8.3.2"
    which "^2.0.2"

npm-run-path@^5.1.0:
  version "5.3.0"
  resolved "https://registry.yarnpkg.com/npm-run-path/-/npm-run-path-5.3.0.tgz#e23353d0ebb9317f174e93417e4a4d82d0249e9f"
  integrity sha512-ppwTtiJZq0O/ai0z7yfudtBpWIoxM8yE6nHi1X47eFR2EWORqfbu6CnPlNsjeN683eT0qG6H/Pyf9fCcvjnnnQ==
  dependencies:
    path-key "^4.0.0"

onetime@^6.0.0:
  version "6.0.0"
  resolved "https://registry.yarnpkg.com/onetime/-/onetime-6.0.0.tgz#7c24c18ed1fd2e9bca4bd26806a33613c77d34b4"
  integrity sha512-1FlR+gjXK7X+AsAHso35MnyN5KqGwJRi/31ft6x0M194ht7S+rWAvd7PHss9xSKMzE0asv1pyIHaJYq+BbacAQ==
  dependencies:
    mimic-fn "^4.0.0"

onetime@^7.0.0:
  version "7.0.0"
  resolved "https://registry.yarnpkg.com/onetime/-/onetime-7.0.0.tgz#9f16c92d8c9ef5120e3acd9dd9957cceecc1ab60"
  integrity sha512-VXJjc87FScF88uafS3JllDgvAm+c/Slfz06lorj2uAY34rlUu0Nt+v8wreiImcrgAjjIHp1rXpTDlLOGw29WwQ==
  dependencies:
    mimic-function "^5.0.0"

ora@^9.3.0:
  version "9.3.0"
  resolved "https://registry.yarnpkg.com/ora/-/ora-9.3.0.tgz#187c87cc1062350f549f481de32bf91424c2b0e3"
  integrity sha512-lBX72MWFduWEf7v7uWf5DHp9Jn5BI8bNPGuFgtXMmr2uDz2Gz2749y3am3agSDdkhHPHYmmxEGSKH85ZLGzgXw==
  dependencies:
    chalk "^5.6.2"
    cli-cursor "^5.0.0"
    cli-spinners "^3.2.0"
    is-interactive "^2.0.0"
    is-unicode-supported "^2.1.0"
    log-symbols "^7.0.1"
    stdin-discarder "^0.3.1"
    string-width "^8.1.0"

path-key@^3.1.0:
  version "3.1.1"
  resolved "https://registry.yarnpkg.com/path-key/-/path-key-3.1.1.tgz#581f6ade658cbba65a0d3380de7753295054f375"
  integrity sha512-ojmeN0qd+y0jszEtoY48r0Peq5dwMEkIlCOu6Q5f41lfkswXuKtYrhgoTpLnyIcHm24Uhqx+5Tqm2InSwLhE6Q==

path-key@^4.0.0:
  version "4.0.0"
  resolved "https://registry.yarnpkg.com/path-key/-/path-key-4.0.0.tgz#295588dc3aee64154f877adb9d780b81c554bf18"
  integrity sha512-haREypq7xkM7ErfgIyA0z+Bj4AGKlMSdlQE2jvJo6huWD1EdkKYV+G/T4nq0YEF2vgTT8kqMFKo1uHn950r4SQ==

restore-cursor@^5.0.0:
  version "5.1.0"
  resolved "https://registry.yarnpkg.com/restore-cursor/-/restore-cursor-5.1.0.tgz#0766d95699efacb14150993f55baf0953ea1ebe7"
  integrity sha512-oMA2dcrw6u0YfxJQXm342bFKX/E4sG9rbTzO9ptUcR/e8A33cHuvStiYOwH7fszkZlZ1z/ta9AAoPk2F4qIOHA==
  dependencies:
    onetime "^7.0.0"
    signal-exit "^4.1.0"

semver@^7.3.5:
  version "7.7.4"
  resolved "https://registry.yarnpkg.com/semver/-/semver-7.7.4.tgz#28464e36060e991fa7a11d0279d2d3f3b57a7e8a"
  integrity sha512-vFKC2IEtQnVhpT78h1Yp8wzwrf8CM+MzKMHGJZfBtzhZNycRFnXsHk6E5TxIkkMsgNS7mdX3AGB7x2QM2di4lA==

shebang-command@^2.0.0:
  version "2.0.0"
  resolved "https://registry.yarnpkg.com/shebang-command/-/shebang-command-2.0.0.tgz#ccd0af4f8835fbdc265b82461aaf0c36663f34ea"
  integrity sha512-kHxr2zZpYtdmrN1qDjrrX/Z1rR1kG8Dx+gkpK1G4eXmvXswmcE1hTWBWYUzlraYw1/yZp6YuDY77YtvbN0dmDA==
  dependencies:
    shebang-regex "^3.0.0"

shebang-regex@^3.0.0:
  version "3.0.0"
  resolved "https://registry.yarnpkg.com/shebang-regex/-/shebang-regex-3.0.0.tgz#ae16f1644d873ecad843b0307b143362d4c42172"
  integrity sha512-7++dFhtcx3353uBaq8DDR4NuxBetBzC7ZQOhmTQInHEd6bSrXdiEyzCvG07Z44UYdLShWUyXt5M/yhz8ekcb1A==

shellwords@^0.1.1:
  version "0.1.1"
  resolved "https://registry.yarnpkg.com/shellwords/-/shellwords-0.1.1.tgz#d6b9181c1a48d397324c84871efbcfc73fc0654b"
  integrity sha512-vFwSUfQvqybiICwZY5+DAWIPLKsWO31Q91JSKl3UYv+K5c2QRPzn0qzec6QPu1Qc9eHYItiP3NdJqNVqetYAww==

signal-exit@^4.1.0:
  version "4.1.0"
  resolved "https://registry.yarnpkg.com/signal-exit/-/signal-exit-4.1.0.tgz#952188c1cbd546070e2dd20d0f41c0ae0530cb04"
  integrity sha512-bzyZ1e88w9O1iNJbKnOlvYTrWPDl46O1bG0D3XInv+9tkPrxrN8jUUTiFlDkkmKWgn1M6CfIA13SuGqOa9Korw==

stdin-discarder@^0.3.1:
  version "0.3.1"
  resolved "https://registry.yarnpkg.com/stdin-discarder/-/stdin-discarder-0.3.1.tgz#92a1e741e709248865d0562bb7babe84d350ae6a"
  integrity sha512-reExS1kSGoElkextOcPkel4NE99S0BWxjUHQeDFnR8S993JxpPX7KU4MNmO19NXhlJp+8dmdCbKQVNgLJh2teA==

string-width@^4.1.0:
  version "4.2.3"
  resolved "https://registry.yarnpkg.com/string-width/-/string-width-4.2.3.tgz#269c7117d27b05ad2e536830a8ec895ef9c6d010"
  integrity sha512-wKyQRQpjJ0sIp62ErSZdGsjMJWsap5oRNihHhu6G7JVO/9jIB6UyevL+tXuOqrng8j/cxKTWyWUwvSTriiZz/g==
  dependencies:
    emoji-regex "^8.0.0"
    is-fullwidth-code-point "^3.0.0"
    strip-ansi "^6.0.1"

string-width@^7.0.0, string-width@^7.2.0:
  version "7.2.0"
  resolved "https://registry.yarnpkg.com/string-width/-/string-width-7.2.0.tgz#b5bb8e2165ce275d4d43476dd2700ad9091db6dc"
  integrity sha512-tsaTIkKW9b4N+AEj+SVA+WhJzV7/zMhcSu78mLKWSk7cXMOSHsBKFWUs0fWwq8QyK3MgJBQRX6Gbi4kYbdvGkQ==
  dependencies:
    emoji-regex "^10.3.0"
    get-east-asian-width "^1.0.0"
    strip-ansi "^7.1.0"

string-width@^8.1.0:
  version "8.2.0"
  resolved "https://registry.yarnpkg.com/string-width/-/string-width-8.2.0.tgz#bdb6a9bd6d7800db635adae96cdb0443fec56c42"
  integrity sha512-6hJPQ8N0V0P3SNmP6h2J99RLuzrWz2gvT7VnK5tKvrNqJoyS9W4/Fb8mo31UiPvy00z7DQXkP2hnKBVav76thw==
  dependencies:
    get-east-asian-width "^1.5.0"
    strip-ansi "^7.1.2"

strip-ansi@^6.0.1:
  version "6.0.1"
  resolved "https://registry.yarnpkg.com/strip-ansi/-/strip-ansi-6.0.1.tgz#9e26c63d30f53443e9489495b2105d37b67a85d9"
  integrity sha512-Y38VPSHcqkFrCpFnQ9vuSXmquuv5oXOKpGeT6aGrr3o3Gc9AlVa6JBfUSOCnbxGGZF+/0ooI7KrPuUSztUdU5A==
  dependencies:
    ansi-regex "^5.0.1"

strip-ansi@^7.1.0, strip-ansi@^7.1.2:
  version "7.2.0"
  resolved "https://registry.yarnpkg.com/strip-ansi/-/strip-ansi-7.2.0.tgz#d22a269522836a627af8d04b5c3fd2c7fa3e32e3"
  integrity sha512-yDPMNjp4WyfYBkHnjIRLfca1i6KMyGCtsVgoKe/z1+6vukgaENdgGBZt+ZmKPc4gavvEZ5OgHfHdrazhgNyG7w==
  dependencies:
    ansi-regex "^6.2.2"

strip-final-newline@^3.0.0:
  version "3.0.0"
  resolved "https://registry.yarnpkg.com/strip-final-newline/-/strip-final-newline-3.0.0.tgz#52894c313fbff318835280aed60ff71ebf12b8fd"
  integrity sha512-dOESqjYr96iWYylGObzd39EuNTa5VJxyvVAEm5Jnh7KGo75V43Hk1odPQkNDyXNmUR6k+gEiDVXnjB8HJ3crXw==

supports-color@^10.2.2:
  version "10.2.2"
  resolved "https://registry.yarnpkg.com/supports-color/-/supports-color-10.2.2.tgz#466c2978cc5cd0052d542a0b576461c2b802ebb4"
  integrity sha512-SS+jx45GF1QjgEXQx4NJZV9ImqmO2NPz5FNsIHrsDjh2YsHnawpan7SNQ1o8NuhrbHZy9AZhIoCUiCeaW/C80g==

supports-hyperlinks@^4.1.0:
  version "4.4.0"
  resolved "https://registry.yarnpkg.com/supports-hyperlinks/-/supports-hyperlinks-4.4.0.tgz#b25ed8e5ef67388d1ce1e83029c07df19d36b870"
  integrity sha512-UKbpT93hN5Nr9go5UY7bopIB9YQlMz9nm/ct4IXt/irb5YRkn9WaqrOBJGZ5Pwvsd5FQzSVeYlGdXoCAPQZrPg==
  dependencies:
    has-flag "^5.0.1"
    supports-color "^10.2.2"

terminal-link@^5.0.0:
  version "5.0.0"
  resolved "https://registry.yarnpkg.com/terminal-link/-/terminal-link-5.0.0.tgz#f0447c8940418ab49b9b9bbc47a4ad2fa8ba81e7"
  integrity sha512-qFAy10MTMwjzjU8U16YS4YoZD+NQLHzLssFMNqgravjbvIPNiqkGFR4yjhJfmY9R5OFU7+yHxc6y+uGHkKwLRA==
  dependencies:
    ansi-escapes "^7.0.0"
    supports-hyperlinks "^4.1.0"

type-fest@^4.21.0:
  version "4.41.0"
  resolved "https://registry.yarnpkg.com/type-fest/-/type-fest-4.41.0.tgz#6ae1c8e5731273c2bf1f58ad39cbae2c91a46c58"
  integrity sha512-TeTSQ6H5YHvpqVwBRcnLDCBnDOHWYu7IvGbHT6N8AOymcr9PJGjc1GTtiWZTYg0NCgYwvnYWEkVChQAr9bjfwA==

universalify@^2.0.0:
  version "2.0.1"
  resolved "https://registry.yarnpkg.com/universalify/-/universalify-2.0.1.tgz#168efc2180964e6386d061e094df61afe239b18d"
  integrity sha512-gptHNQghINnc/vTGIk0SOFGFNXw7JVrlRUtConJRlvaw6DuX0wO5Jeko9sWrMBhh+PsYAZ7oXAiOnf/UKogyiw==

uuid@^8.3.2:
  version "8.3.2"
  resolved "https://registry.yarnpkg.com/uuid/-/uuid-8.3.2.tgz#80d5b5ced271bb9af6c445f21a1a04c606cefbe2"
  integrity sha512-+NYs2QeMWy+GWFOEm9xnn6HCDp0l7QBD7ml8zLUmJ+93Q5NF0NocErnwkTkXVFNiX3/fpC6afS8Dhb/gz7R7eg==

which@^2.0.1, which@^2.0.2:
  version "2.0.2"
  resolved "https://registry.yarnpkg.com/which/-/which-2.0.2.tgz#7c6a8dd0a636a0327e10b59c9286eee93f3f51b1"
  integrity sha512-BLI3Tl1TW3Pvl70l3yq3Y64i+awpwXqsGBYWkkqMtnbXgrMD+yj7rhW0kuEDxzJaYXGjEW5ogapKNMEKNMjibA==
  dependencies:
    isexe "^2.0.0"

widest-line@^5.0.0:
  version "5.0.0"
  resolved "https://registry.yarnpkg.com/widest-line/-/widest-line-5.0.0.tgz#b74826a1e480783345f0cd9061b49753c9da70d0"
  integrity sha512-c9bZp7b5YtRj2wOe6dlj32MK+Bx/M/d+9VB2SHM1OtsUHR0aV0tdP6DWh/iMt0kWi1t5g1Iudu6hQRNd1A4PVA==
  dependencies:
    string-width "^7.0.0"

wrap-ansi@^9.0.0:
  version "9.0.2"
  resolved "https://registry.yarnpkg.com/wrap-ansi/-/wrap-ansi-9.0.2.tgz#956832dea9494306e6d209eb871643bb873d7c98"
  integrity sha512-42AtmgqjV+X1VpdOfyTGOYRi0/zsoLqtXQckTmqTeybT+BDIbM/Guxo7x3pE2vtpr1ok6xRqM9OpBe+Jyoqyww==
  dependencies:
    ansi-styles "^6.2.1"
    string-width "^7.0.0"
    strip-ansi "^7.1.0"

yoctocolors@^2.1.1:
  version "2.1.2"
  resolved "https://registry.yarnpkg.com/yoctocolors/-/yoctocolors-2.1.2.tgz#d795f54d173494e7d8db93150cec0ed7f678c83a"
  integrity sha512-CzhO+pFNo8ajLM2d2IW/R93ipy99LWjtwblvC1RsoSUMZgyLbYFr221TnSNT7GjGdYui6P459mw9JH/g/zW2ug==
